
Microsoft Visual Studio Solution File, Format Version 12.00
# Visual Studio Version 16
VisualStudioVersion = 16.0.29424.173
MinimumVisualStudioVersion = 10.0.40219.1
Project("{FAE04EC0-301F-11D3-BF4B-00C04F79EFBC}") = "CFAD", "CFAD\CFAD.csproj", "{8EF06DCA-9027-4E6F-A33E-E35C883BE58B}"
EndProject
Global
	GlobalSection(SolutionConfigurationPlatforms) = preSolution
		Debug|Any CPU = Debug|Any CPU
		Release|Any CPU = Release|Any CPU
	EndGlobalSection
	GlobalSection(ProjectConfigurationPlatforms) = postSolution
		{8EF06DCA-9027-4E6F-A33E-E35C883BE58B}.Debug|Any CPU.ActiveCfg = Debug|Any CPU
		{8EF06DCA-9027-4E6F-A33E-E35C883BE58B}.Debug|Any CPU.Build.0 = Debug|Any CPU
		{8EF06DCA-9027-4E6F-A33E-E35C883BE58B}.Release|Any CPU.ActiveCfg = Release|Any CPU
		{8EF06DCA-9027-4E6F-A33E-E35C883BE58B}.Release|Any CPU.Build.0 = Release|Any CPU
	EndGlobalSection
	GlobalSection(SolutionProperties) = preSolution
		HideSolutionNode = FALSE
	EndGlobalSection
	GlobalSection(ExtensibilityGlobals) = postSolution
		SolutionGuid = {63323E9A-EC4A-460D-A5D8-F8BD0A411075}
	EndGlobalSection
EndGlobal
